
Microsoft Visual Studio Solution File, Format Version 12.00
# Visual Studio 14
VisualStudioVersion = 14.0.23107.0
MinimumVisualStudioVersion = 10.0.40219.1
Project("{FAE04EC0-301F-11D3-BF4B-00C04F79EFBC}") = "Problem01", "Problem1\Problem01.csproj", "{6B87453A-6C20-480C-B4BB-D7567CC1D2F0}"
EndProject
Project("{FAE04EC0-301F-11D3-BF4B-00C04F79EFBC}") = "Problem02", "Problem2\Problem02.csproj", "{CDF5524B-CA31-42FF-984B-0B52D6FE55CE}"
EndProject
Project("{FAE04EC0-301F-11D3-BF4B-00C04F79EFBC}") = "Problem03", "Problem3\Problem03.csproj", "{AE3339BA-9BFE-4E32-875E-5A212AA125E9}"
EndProject
Project("{FAE04EC0-301F-11D3-BF4B-00C04F79EFBC}") = "Problem04", "Problem4\Problem04.csproj", "{84C94085-1B2A-4412-B239-A803D435AA37}"
EndProject
Project("{FAE04EC0-301F-11D3-BF4B-00C04F79EFBC}") = "Problem05", "Problem5\Problem05.csproj", "{42AD5CBF-018F-4BEA-9C7D-F9FC5938356F}"
EndProject
Project("{FAE04EC0-301F-11D3-BF4B-00C04F79EFBC}") = "Problem06", "Problem6\Problem06.csproj", "{8F8DC0C3-2D72-4913-BF3C-A59FAB84BAB3}"
EndProject
Project("{FAE04EC0-301F-11D3-BF4B-00C04F79EFBC}") = "Problem07", "Problem7\Problem07.csproj", "{4F00278D-8AB9-41EF-9BC5-3D10F899889C}"
EndProject
Project("{FAE04EC0-301F-11D3-BF4B-00C04F79EFBC}") = "Problem08", "Problem8\Problem08.csproj", "{D71AE843-9DB9-4B9E-9539-DE68DF914449}"
EndProject
Project("{FAE04EC0-301F-11D3-BF4B-00C04F79EFBC}") = "Problem09", "Problem9\Problem09.csproj", "{8CAB3B41-5776-4358-AE07-5F024B8A6654}"
EndProject
Project("{FAE04EC0-301F-11D3-BF4B-00C04F79EFBC}") = "Problem10", "Problem10\Problem10.csproj", "{5C92C2DA-45D5-45F0-BCA6-42BDD1F6ACC4}"
EndProject
Project("{FAE04EC0-301F-11D3-BF4B-00C04F79EFBC}") = "Problem11", "Problem11\Problem11.csproj", "{73D2A273-F058-4606-8D0C-93DA704C2857}"
EndProject
Project("{FAE04EC0-301F-11D3-BF4B-00C04F79EFBC}") = "Problem12", "Problem12\Problem12.csproj", "{0118994D-55DD-4CA1-8418-8648A7379FE4}"
EndProject
Project("{FAE04EC0-301F-11D3-BF4B-00C04F79EFBC}") = "Problem13", "Problem13\Problem13.csproj", "{DACA5820-1906-4B3E-B60A-20934C2F4CB3}"
EndProject
Project("{FAE04EC0-301F-11D3-BF4B-00C04F79EFBC}") = "Problem14", "Problem14\Problem14.csproj", "{C792DF06-2B14-4801-A119-D2B410DF70BD}"
EndProject
Project("{FAE04EC0-301F-11D3-BF4B-00C04F79EFBC}") = "Problem15", "Problem15\Problem15.csproj", "{B214465B-18F6-4C79-8E7A-972FC4FE2C7F}"
EndProject
Global
	GlobalSection(SolutionConfigurationPlatforms) = preSolution
		Debug|Any CPU = Debug|Any CPU
		Release|Any CPU = Release|Any CPU
	EndGlobalSection
	GlobalSection(ProjectConfigurationPlatforms) = postSolution
		{6B87453A-6C20-480C-B4BB-D7567CC1D2F0}.Debug|Any CPU.ActiveCfg = Debug|Any CPU
		{6B87453A-6C20-480C-B4BB-D7567CC1D2F0}.Debug|Any CPU.Build.0 = Debug|Any CPU
		{6B87453A-6C20-480C-B4BB-D7567CC1D2F0}.Release|Any CPU.ActiveCfg = Release|Any CPU
		{6B87453A-6C20-480C-B4BB-D7567CC1D2F0}.Release|Any CPU.Build.0 = Release|Any CPU
		{CDF5524B-CA31-42FF-984B-0B52D6FE55CE}.Debug|Any CPU.ActiveCfg = Debug|Any CPU
		{CDF5524B-CA31-42FF-984B-0B52D6FE55CE}.Debug|Any CPU.Build.0 = Debug|Any CPU
		{CDF5524B-CA31-42FF-984B-0B52D6FE55CE}.Release|Any CPU.ActiveCfg = Release|Any CPU
		{CDF5524B-CA31-42FF-984B-0B52D6FE55CE}.Release|Any CPU.Build.0 = Release|Any CPU
		{AE3339BA-9BFE-4E32-875E-5A212AA125E9}.Debug|Any CPU.ActiveCfg = Debug|Any CPU
		{AE3339BA-9BFE-4E32-875E-5A212AA125E9}.Debug|Any CPU.Build.0 = Debug|Any CPU
		{AE3339BA-9BFE-4E32-875E-5A212AA125E9}.Release|Any CPU.ActiveCfg = Release|Any CPU
		{AE3339BA-9BFE-4E32-875E-5A212AA125E9}.Release|Any CPU.Build.0 = Release|Any CPU
		{84C94085-1B2A-4412-B239-A803D435AA37}.Debug|Any CPU.ActiveCfg = Debug|Any CPU
		{84C94085-1B2A-4412-B239-A803D435AA37}.Debug|Any CPU.Build.0 = Debug|Any CPU
		{84C94085-1B2A-4412-B239-A803D435AA37}.Release|Any CPU.ActiveCfg = Release|Any CPU
		{84C94085-1B2A-4412-B239-A803D435AA37}.Release|Any CPU.Build.0 = Release|Any CPU
		{42AD5CBF-018F-4BEA-9C7D-F9FC5938356F}.Debug|Any CPU.ActiveCfg = Debug|Any CPU
		{42AD5CBF-018F-4BEA-9C7D-F9FC5938356F}.Debug|Any CPU.Build.0 = Debug|Any CPU
		{42AD5CBF-018F-4BEA-9C7D-F9FC5938356F}.Release|Any CPU.ActiveCfg = Release|Any CPU
		{42AD5CBF-018F-4BEA-9C7D-F9FC5938356F}.Release|Any CPU.Build.0 = Release|Any CPU
		{8F8DC0C3-2D72-4913-BF3C-A59FAB84BAB3}.Debug|Any CPU.ActiveCfg = Debug|Any CPU
		{8F8DC0C3-2D72-4913-BF3C-A59FAB84BAB3}.Debug|Any CPU.Build.0 = Debug|Any CPU
		{8F8DC0C3-2D72-4913-BF3C-A59FAB84BAB3}.Release|Any CPU.ActiveCfg = Release|Any CPU
		{8F8DC0C3-2D72-4913-BF3C-A59FAB84BAB3}.Release|Any CPU.Build.0 = Release|Any CPU
		{4F00278D-8AB9-41EF-9BC5-3D10F899889C}.Debug|Any CPU.ActiveCfg = Debug|Any CPU
		{4F00278D-8AB9-41EF-9BC5-3D10F899889C}.Debug|Any CPU.Build.0 = Debug|Any CPU
		{4F00278D-8AB9-41EF-9BC5-3D10F899889C}.Release|Any CPU.ActiveCfg = Release|Any CPU
		{4F00278D-8AB9-41EF-9BC5-3D10F899889C}.Release|Any CPU.Build.0 = Release|Any CPU
		{D71AE843-9DB9-4B9E-9539-DE68DF914449}.Debug|Any CPU.ActiveCfg = Debug|Any CPU
		{D71AE843-9DB9-4B9E-9539-DE68DF914449}.Debug|Any CPU.Build.0 = Debug|Any CPU
		{D71AE843-9DB9-4B9E-9539-DE68DF914449}.Release|Any CPU.ActiveCfg = Release|Any CPU
		{D71AE843-9DB9-4B9E-9539-DE68DF914449}.Release|Any CPU.Build.0 = Release|Any CPU
		{8CAB3B41-5776-4358-AE07-5F024B8A6654}.Debug|Any CPU.ActiveCfg = Debug|Any CPU
		{8CAB3B41-5776-4358-AE07-5F024B8A6654}.Debug|Any CPU.Build.0 = Debug|Any CPU
		{8CAB3B41-5776-4358-AE07-5F024B8A6654}.Release|Any CPU.ActiveCfg = Release|Any CPU
		{8CAB3B41-5776-4358-AE07-5F024B8A6654}.Release|Any CPU.Build.0 = Release|Any CPU
		{5C92C2DA-45D5-45F0-BCA6-42BDD1F6ACC4}.Debug|Any CPU.ActiveCfg = Debug|Any CPU
		{5C92C2DA-45D5-45F0-BCA6-42BDD1F6ACC4}.Debug|Any CPU.Build.0 = Debug|Any CPU
		{5C92C2DA-45D5-45F0-BCA6-42BDD1F6ACC4}.Release|Any CPU.ActiveCfg = Release|Any CPU
		{5C92C2DA-45D5-45F0-BCA6-42BDD1F6ACC4}.Release|Any CPU.Build.0 = Release|Any CPU
		{73D2A273-F058-4606-8D0C-93DA704C2857}.Debug|Any CPU.ActiveCfg = Debug|Any CPU
		{73D2A273-F058-4606-8D0C-93DA704C2857}.Debug|Any CPU.Build.0 = Debug|Any CPU
		{73D2A273-F058-4606-8D0C-93DA704C2857}.Release|Any CPU.ActiveCfg = Release|Any CPU
		{73D2A273-F058-4606-8D0C-93DA704C2857}.Release|Any CPU.Build.0 = Release|Any CPU
		{0118994D-55DD-4CA1-8418-8648A7379FE4}.Debug|Any CPU.ActiveCfg = Debug|Any CPU
		{0118994D-55DD-4CA1-8418-8648A7379FE4}.Debug|Any CPU.Build.0 = Debug|Any CPU
		{0118994D-55DD-4CA1-8418-8648A7379FE4}.Release|Any CPU.ActiveCfg = Release|Any CPU
		{0118994D-55DD-4CA1-8418-8648A7379FE4}.Release|Any CPU.Build.0 = Release|Any CPU
		{DACA5820-1906-4B3E-B60A-20934C2F4CB3}.Debug|Any CPU.ActiveCfg = Debug|Any CPU
		{DACA5820-1906-4B3E-B60A-20934C2F4CB3}.Debug|Any CPU.Build.0 = Debug|Any CPU
		{DACA5820-1906-4B3E-B60A-20934C2F4CB3}.Release|Any CPU.ActiveCfg = Release|Any CPU
		{DACA5820-1906-4B3E-B60A-20934C2F4CB3}.Release|Any CPU.Build.0 = Release|Any CPU
		{C792DF06-2B14-4801-A119-D2B410DF70BD}.Debug|Any CPU.ActiveCfg = Debug|Any CPU
		{C792DF06-2B14-4801-A119-D2B410DF70BD}.Debug|Any CPU.Build.0 = Debug|Any CPU
		{C792DF06-2B14-4801-A119-D2B410DF70BD}.Release|Any CPU.ActiveCfg = Release|Any CPU
		{C792DF06-2B14-4801-A119-D2B410DF70BD}.Release|Any CPU.Build.0 = Release|Any CPU
		{B214465B-18F6-4C79-8E7A-972FC4FE2C7F}.Debug|Any CPU.ActiveCfg = Debug|Any CPU
		{B214465B-18F6-4C79-8E7A-972FC4FE2C7F}.Debug|Any CPU.Build.0 = Debug|Any CPU
		{B214465B-18F6-4C79-8E7A-972FC4FE2C7F}.Release|Any CPU.ActiveCfg = Release|Any CPU
		{B214465B-18F6-4C79-8E7A-972FC4FE2C7F}.Release|Any CPU.Build.0 = Release|Any CPU
	EndGlobalSection
	GlobalSection(SolutionProperties) = preSolution
		HideSolutionNode = FALSE
	EndGlobalSection
EndGlobal
