
Microsoft Visual Studio Solution File, Format Version 12.00
# Visual Studio 14
VisualStudioVersion = 14.0.23107.0
MinimumVisualStudioVersion = 10.0.40219.1
Project("{FAE04EC0-301F-11D3-BF4B-00C04F79EFBC}") = "Problem01", "Problem01\Problem01.csproj", "{F0733EA6-3A61-4580-8206-0A586A25AF41}"
EndProject
Project("{FAE04EC0-301F-11D3-BF4B-00C04F79EFBC}") = "Problem02", "Problem02\Problem02.csproj", "{C867EC92-97C8-4C65-82BF-29B315D88484}"
EndProject
Project("{FAE04EC0-301F-11D3-BF4B-00C04F79EFBC}") = "Problem03", "Problem03\Problem03.csproj", "{1486A634-28F3-4193-92FE-9B72B71DBCB5}"
EndProject
Project("{FAE04EC0-301F-11D3-BF4B-00C04F79EFBC}") = "Problem04", "Problem04\Problem04.csproj", "{6FA8396B-A02B-47DE-8CC0-D299643A08FC}"
EndProject
Project("{FAE04EC0-301F-11D3-BF4B-00C04F79EFBC}") = "Problem05", "Problem05\Problem05.csproj", "{C80EF0CA-DAEA-497E-ADB4-63E57D2AADAE}"
EndProject
Project("{FAE04EC0-301F-11D3-BF4B-00C04F79EFBC}") = "Problem06", "Problem06\Problem06.csproj", "{137C4F7D-F560-46D0-A0C6-94196E6B173D}"
EndProject
Project("{FAE04EC0-301F-11D3-BF4B-00C04F79EFBC}") = "Problem07", "Problem07\Problem07.csproj", "{C211C6A4-9AE7-43F8-9F15-0DB47EB3DF62}"
EndProject
Project("{FAE04EC0-301F-11D3-BF4B-00C04F79EFBC}") = "Problem08", "Problem08\Problem08.csproj", "{5A9CABF0-44D1-4EE9-B851-155399CAF50B}"
EndProject
Project("{FAE04EC0-301F-11D3-BF4B-00C04F79EFBC}") = "Problem09", "Problem09\Problem09.csproj", "{C7E894F7-3DC6-4585-AED9-5B40BCE2394F}"
EndProject
Project("{FAE04EC0-301F-11D3-BF4B-00C04F79EFBC}") = "Problem10", "Problem10\Problem10.csproj", "{D4F764C9-EF94-4D22-93A1-822230B1BDC4}"
EndProject
Project("{FAE04EC0-301F-11D3-BF4B-00C04F79EFBC}") = "Problem11", "Problem11\Problem11.csproj", "{27E7E8B6-72E5-4452-B3D3-EB6EE2395810}"
EndProject
Project("{FAE04EC0-301F-11D3-BF4B-00C04F79EFBC}") = "Problem12", "Problem12\Problem12.csproj", "{B0B796BE-8099-4D8A-AD39-02F311D384DC}"
EndProject
Global
	GlobalSection(SolutionConfigurationPlatforms) = preSolution
		Debug|Any CPU = Debug|Any CPU
		Release|Any CPU = Release|Any CPU
	EndGlobalSection
	GlobalSection(ProjectConfigurationPlatforms) = postSolution
		{F0733EA6-3A61-4580-8206-0A586A25AF41}.Debug|Any CPU.ActiveCfg = Debug|Any CPU
		{F0733EA6-3A61-4580-8206-0A586A25AF41}.Debug|Any CPU.Build.0 = Debug|Any CPU
		{F0733EA6-3A61-4580-8206-0A586A25AF41}.Release|Any CPU.ActiveCfg = Release|Any CPU
		{F0733EA6-3A61-4580-8206-0A586A25AF41}.Release|Any CPU.Build.0 = Release|Any CPU
		{C867EC92-97C8-4C65-82BF-29B315D88484}.Debug|Any CPU.ActiveCfg = Debug|Any CPU
		{C867EC92-97C8-4C65-82BF-29B315D88484}.Debug|Any CPU.Build.0 = Debug|Any CPU
		{C867EC92-97C8-4C65-82BF-29B315D88484}.Release|Any CPU.ActiveCfg = Release|Any CPU
		{C867EC92-97C8-4C65-82BF-29B315D88484}.Release|Any CPU.Build.0 = Release|Any CPU
		{1486A634-28F3-4193-92FE-9B72B71DBCB5}.Debug|Any CPU.ActiveCfg = Debug|Any CPU
		{1486A634-28F3-4193-92FE-9B72B71DBCB5}.Debug|Any CPU.Build.0 = Debug|Any CPU
		{1486A634-28F3-4193-92FE-9B72B71DBCB5}.Release|Any CPU.ActiveCfg = Release|Any CPU
		{1486A634-28F3-4193-92FE-9B72B71DBCB5}.Release|Any CPU.Build.0 = Release|Any CPU
		{6FA8396B-A02B-47DE-8CC0-D299643A08FC}.Debug|Any CPU.ActiveCfg = Debug|Any CPU
		{6FA8396B-A02B-47DE-8CC0-D299643A08FC}.Debug|Any CPU.Build.0 = Debug|Any CPU
		{6FA8396B-A02B-47DE-8CC0-D299643A08FC}.Release|Any CPU.ActiveCfg = Release|Any CPU
		{6FA8396B-A02B-47DE-8CC0-D299643A08FC}.Release|Any CPU.Build.0 = Release|Any CPU
		{C80EF0CA-DAEA-497E-ADB4-63E57D2AADAE}.Debug|Any CPU.ActiveCfg = Debug|Any CPU
		{C80EF0CA-DAEA-497E-ADB4-63E57D2AADAE}.Debug|Any CPU.Build.0 = Debug|Any CPU
		{C80EF0CA-DAEA-497E-ADB4-63E57D2AADAE}.Release|Any CPU.ActiveCfg = Release|Any CPU
		{C80EF0CA-DAEA-497E-ADB4-63E57D2AADAE}.Release|Any CPU.Build.0 = Release|Any CPU
		{137C4F7D-F560-46D0-A0C6-94196E6B173D}.Debug|Any CPU.ActiveCfg = Debug|Any CPU
		{137C4F7D-F560-46D0-A0C6-94196E6B173D}.Debug|Any CPU.Build.0 = Debug|Any CPU
		{137C4F7D-F560-46D0-A0C6-94196E6B173D}.Release|Any CPU.ActiveCfg = Release|Any CPU
		{137C4F7D-F560-46D0-A0C6-94196E6B173D}.Release|Any CPU.Build.0 = Release|Any CPU
		{C211C6A4-9AE7-43F8-9F15-0DB47EB3DF62}.Debug|Any CPU.ActiveCfg = Debug|Any CPU
		{C211C6A4-9AE7-43F8-9F15-0DB47EB3DF62}.Debug|Any CPU.Build.0 = Debug|Any CPU
		{C211C6A4-9AE7-43F8-9F15-0DB47EB3DF62}.Release|Any CPU.ActiveCfg = Release|Any CPU
		{C211C6A4-9AE7-43F8-9F15-0DB47EB3DF62}.Release|Any CPU.Build.0 = Release|Any CPU
		{5A9CABF0-44D1-4EE9-B851-155399CAF50B}.Debug|Any CPU.ActiveCfg = Debug|Any CPU
		{5A9CABF0-44D1-4EE9-B851-155399CAF50B}.Debug|Any CPU.Build.0 = Debug|Any CPU
		{5A9CABF0-44D1-4EE9-B851-155399CAF50B}.Release|Any CPU.ActiveCfg = Release|Any CPU
		{5A9CABF0-44D1-4EE9-B851-155399CAF50B}.Release|Any CPU.Build.0 = Release|Any CPU
		{C7E894F7-3DC6-4585-AED9-5B40BCE2394F}.Debug|Any CPU.ActiveCfg = Debug|Any CPU
		{C7E894F7-3DC6-4585-AED9-5B40BCE2394F}.Debug|Any CPU.Build.0 = Debug|Any CPU
		{C7E894F7-3DC6-4585-AED9-5B40BCE2394F}.Release|Any CPU.ActiveCfg = Release|Any CPU
		{C7E894F7-3DC6-4585-AED9-5B40BCE2394F}.Release|Any CPU.Build.0 = Release|Any CPU
		{D4F764C9-EF94-4D22-93A1-822230B1BDC4}.Debug|Any CPU.ActiveCfg = Debug|Any CPU
		{D4F764C9-EF94-4D22-93A1-822230B1BDC4}.Debug|Any CPU.Build.0 = Debug|Any CPU
		{D4F764C9-EF94-4D22-93A1-822230B1BDC4}.Release|Any CPU.ActiveCfg = Release|Any CPU
		{D4F764C9-EF94-4D22-93A1-822230B1BDC4}.Release|Any CPU.Build.0 = Release|Any CPU
		{27E7E8B6-72E5-4452-B3D3-EB6EE2395810}.Debug|Any CPU.ActiveCfg = Debug|Any CPU
		{27E7E8B6-72E5-4452-B3D3-EB6EE2395810}.Debug|Any CPU.Build.0 = Debug|Any CPU
		{27E7E8B6-72E5-4452-B3D3-EB6EE2395810}.Release|Any CPU.ActiveCfg = Release|Any CPU
		{27E7E8B6-72E5-4452-B3D3-EB6EE2395810}.Release|Any CPU.Build.0 = Release|Any CPU
		{B0B796BE-8099-4D8A-AD39-02F311D384DC}.Debug|Any CPU.ActiveCfg = Debug|Any CPU
		{B0B796BE-8099-4D8A-AD39-02F311D384DC}.Debug|Any CPU.Build.0 = Debug|Any CPU
		{B0B796BE-8099-4D8A-AD39-02F311D384DC}.Release|Any CPU.ActiveCfg = Release|Any CPU
		{B0B796BE-8099-4D8A-AD39-02F311D384DC}.Release|Any CPU.Build.0 = Release|Any CPU
	EndGlobalSection
	GlobalSection(SolutionProperties) = preSolution
		HideSolutionNode = FALSE
	EndGlobalSection
EndGlobal
