
Microsoft Visual Studio Solution File, Format Version 12.00
# Visual Studio 2013
VisualStudioVersion = 12.0.21005.1
MinimumVisualStudioVersion = 10.0.40219.1
Project("{FAE04EC0-301F-11D3-BF4B-00C04F79EFBC}") = "Problem1", "Problem1\Problem1.csproj", "{02E8FB5F-50CF-4E41-A0E9-31736474F105}"
EndProject
Project("{FAE04EC0-301F-11D3-BF4B-00C04F79EFBC}") = "Problem2", "Problem2\Problem2.csproj", "{4BACD51A-532E-405A-AE4C-3EE72F955358}"
EndProject
Project("{FAE04EC0-301F-11D3-BF4B-00C04F79EFBC}") = "Problem3", "Problem3\Problem3.csproj", "{429118B6-FFF9-4185-9514-ED24171FD808}"
EndProject
Project("{FAE04EC0-301F-11D3-BF4B-00C04F79EFBC}") = "Problem4", "Problem4\Problem4.csproj", "{E2776F6B-C66E-4FDC-A4FC-CB85C75D5ACC}"
EndProject
Project("{FAE04EC0-301F-11D3-BF4B-00C04F79EFBC}") = "Problem5", "Problem5\Problem5.csproj", "{C107B516-DC49-484C-AFF8-E19663131C67}"
EndProject
Project("{FAE04EC0-301F-11D3-BF4B-00C04F79EFBC}") = "Problem6", "Problem6\Problem6.csproj", "{847B900D-62EA-48F0-AE29-1ECCDE7E5E15}"
EndProject
Project("{FAE04EC0-301F-11D3-BF4B-00C04F79EFBC}") = "Problem7", "Problem7\Problem7.csproj", "{8FB60D81-7C2B-4C7E-B940-570885B1B6F1}"
EndProject
Project("{FAE04EC0-301F-11D3-BF4B-00C04F79EFBC}") = "Problem8", "Problem8\Problem8.csproj", "{BBC08C35-05DA-4430-AB16-4AE3C0C7F63C}"
EndProject
Project("{FAE04EC0-301F-11D3-BF4B-00C04F79EFBC}") = "Problem9", "Problem9\Problem9.csproj", "{B4737D68-BC7E-4FA0-AE66-4872DE550DB6}"
EndProject
Project("{FAE04EC0-301F-11D3-BF4B-00C04F79EFBC}") = "Problem10", "Problem10\Problem10.csproj", "{15B242B8-8B32-463D-8F3C-533024BD68EC}"
EndProject
Project("{FAE04EC0-301F-11D3-BF4B-00C04F79EFBC}") = "Problem11", "Problem11\Problem11.csproj", "{F2BC399B-432D-4353-8DE2-4BB2A44BF20A}"
EndProject
Project("{FAE04EC0-301F-11D3-BF4B-00C04F79EFBC}") = "Problem12", "Problem12\Problem12.csproj", "{1EC4CEB6-11E1-46D6-8948-384B674FF883}"
EndProject
Project("{FAE04EC0-301F-11D3-BF4B-00C04F79EFBC}") = "Problem13", "Problem13\Problem13.csproj", "{D03B0714-9B52-4EC6-9F84-B6D2D00E905F}"
EndProject
Project("{FAE04EC0-301F-11D3-BF4B-00C04F79EFBC}") = "Problem14", "Problem14\Problem14.csproj", "{EFA2852A-7605-46C3-8181-8E6E7A2B8A04}"
EndProject
Project("{FAE04EC0-301F-11D3-BF4B-00C04F79EFBC}") = "Problem15", "Problem15\Problem15.csproj", "{4BCDB922-CBE4-41F7-88C6-82DA7FBF4BDE}"
EndProject
Project("{FAE04EC0-301F-11D3-BF4B-00C04F79EFBC}") = "Problem16", "Problem16\Problem16.csproj", "{F2772C71-61EB-48E4-9D6D-7B762F1DE265}"
EndProject
Project("{FAE04EC0-301F-11D3-BF4B-00C04F79EFBC}") = "Problem17", "Problem17\Problem17.csproj", "{4FE5AFB7-78CF-4CAE-A286-39F0839E5D00}"
EndProject
Project("{FAE04EC0-301F-11D3-BF4B-00C04F79EFBC}") = "Problem18", "Problem18\Problem18.csproj", "{8CC42253-186C-4F43-A597-3997FCF726AE}"
EndProject
Project("{FAE04EC0-301F-11D3-BF4B-00C04F79EFBC}") = "Problem19", "Problem19\Problem19.csproj", "{222B8398-E929-4DDB-A510-663D7CF3F775}"
EndProject
Global
	GlobalSection(SolutionConfigurationPlatforms) = preSolution
		Debug|Any CPU = Debug|Any CPU
		Release|Any CPU = Release|Any CPU
	EndGlobalSection
	GlobalSection(ProjectConfigurationPlatforms) = postSolution
		{02E8FB5F-50CF-4E41-A0E9-31736474F105}.Debug|Any CPU.ActiveCfg = Debug|Any CPU
		{02E8FB5F-50CF-4E41-A0E9-31736474F105}.Debug|Any CPU.Build.0 = Debug|Any CPU
		{02E8FB5F-50CF-4E41-A0E9-31736474F105}.Release|Any CPU.ActiveCfg = Release|Any CPU
		{02E8FB5F-50CF-4E41-A0E9-31736474F105}.Release|Any CPU.Build.0 = Release|Any CPU
		{4BACD51A-532E-405A-AE4C-3EE72F955358}.Debug|Any CPU.ActiveCfg = Debug|Any CPU
		{4BACD51A-532E-405A-AE4C-3EE72F955358}.Debug|Any CPU.Build.0 = Debug|Any CPU
		{4BACD51A-532E-405A-AE4C-3EE72F955358}.Release|Any CPU.ActiveCfg = Release|Any CPU
		{4BACD51A-532E-405A-AE4C-3EE72F955358}.Release|Any CPU.Build.0 = Release|Any CPU
		{429118B6-FFF9-4185-9514-ED24171FD808}.Debug|Any CPU.ActiveCfg = Debug|Any CPU
		{429118B6-FFF9-4185-9514-ED24171FD808}.Debug|Any CPU.Build.0 = Debug|Any CPU
		{429118B6-FFF9-4185-9514-ED24171FD808}.Release|Any CPU.ActiveCfg = Release|Any CPU
		{429118B6-FFF9-4185-9514-ED24171FD808}.Release|Any CPU.Build.0 = Release|Any CPU
		{E2776F6B-C66E-4FDC-A4FC-CB85C75D5ACC}.Debug|Any CPU.ActiveCfg = Debug|Any CPU
		{E2776F6B-C66E-4FDC-A4FC-CB85C75D5ACC}.Debug|Any CPU.Build.0 = Debug|Any CPU
		{E2776F6B-C66E-4FDC-A4FC-CB85C75D5ACC}.Release|Any CPU.ActiveCfg = Release|Any CPU
		{E2776F6B-C66E-4FDC-A4FC-CB85C75D5ACC}.Release|Any CPU.Build.0 = Release|Any CPU
		{C107B516-DC49-484C-AFF8-E19663131C67}.Debug|Any CPU.ActiveCfg = Debug|Any CPU
		{C107B516-DC49-484C-AFF8-E19663131C67}.Debug|Any CPU.Build.0 = Debug|Any CPU
		{C107B516-DC49-484C-AFF8-E19663131C67}.Release|Any CPU.ActiveCfg = Release|Any CPU
		{C107B516-DC49-484C-AFF8-E19663131C67}.Release|Any CPU.Build.0 = Release|Any CPU
		{847B900D-62EA-48F0-AE29-1ECCDE7E5E15}.Debug|Any CPU.ActiveCfg = Debug|Any CPU
		{847B900D-62EA-48F0-AE29-1ECCDE7E5E15}.Debug|Any CPU.Build.0 = Debug|Any CPU
		{847B900D-62EA-48F0-AE29-1ECCDE7E5E15}.Release|Any CPU.ActiveCfg = Release|Any CPU
		{847B900D-62EA-48F0-AE29-1ECCDE7E5E15}.Release|Any CPU.Build.0 = Release|Any CPU
		{8FB60D81-7C2B-4C7E-B940-570885B1B6F1}.Debug|Any CPU.ActiveCfg = Debug|Any CPU
		{8FB60D81-7C2B-4C7E-B940-570885B1B6F1}.Debug|Any CPU.Build.0 = Debug|Any CPU
		{8FB60D81-7C2B-4C7E-B940-570885B1B6F1}.Release|Any CPU.ActiveCfg = Release|Any CPU
		{8FB60D81-7C2B-4C7E-B940-570885B1B6F1}.Release|Any CPU.Build.0 = Release|Any CPU
		{BBC08C35-05DA-4430-AB16-4AE3C0C7F63C}.Debug|Any CPU.ActiveCfg = Debug|Any CPU
		{BBC08C35-05DA-4430-AB16-4AE3C0C7F63C}.Debug|Any CPU.Build.0 = Debug|Any CPU
		{BBC08C35-05DA-4430-AB16-4AE3C0C7F63C}.Release|Any CPU.ActiveCfg = Release|Any CPU
		{BBC08C35-05DA-4430-AB16-4AE3C0C7F63C}.Release|Any CPU.Build.0 = Release|Any CPU
		{B4737D68-BC7E-4FA0-AE66-4872DE550DB6}.Debug|Any CPU.ActiveCfg = Debug|Any CPU
		{B4737D68-BC7E-4FA0-AE66-4872DE550DB6}.Debug|Any CPU.Build.0 = Debug|Any CPU
		{B4737D68-BC7E-4FA0-AE66-4872DE550DB6}.Release|Any CPU.ActiveCfg = Release|Any CPU
		{B4737D68-BC7E-4FA0-AE66-4872DE550DB6}.Release|Any CPU.Build.0 = Release|Any CPU
		{15B242B8-8B32-463D-8F3C-533024BD68EC}.Debug|Any CPU.ActiveCfg = Debug|Any CPU
		{15B242B8-8B32-463D-8F3C-533024BD68EC}.Debug|Any CPU.Build.0 = Debug|Any CPU
		{15B242B8-8B32-463D-8F3C-533024BD68EC}.Release|Any CPU.ActiveCfg = Release|Any CPU
		{15B242B8-8B32-463D-8F3C-533024BD68EC}.Release|Any CPU.Build.0 = Release|Any CPU
		{F2BC399B-432D-4353-8DE2-4BB2A44BF20A}.Debug|Any CPU.ActiveCfg = Debug|Any CPU
		{F2BC399B-432D-4353-8DE2-4BB2A44BF20A}.Debug|Any CPU.Build.0 = Debug|Any CPU
		{F2BC399B-432D-4353-8DE2-4BB2A44BF20A}.Release|Any CPU.ActiveCfg = Release|Any CPU
		{F2BC399B-432D-4353-8DE2-4BB2A44BF20A}.Release|Any CPU.Build.0 = Release|Any CPU
		{1EC4CEB6-11E1-46D6-8948-384B674FF883}.Debug|Any CPU.ActiveCfg = Debug|Any CPU
		{1EC4CEB6-11E1-46D6-8948-384B674FF883}.Debug|Any CPU.Build.0 = Debug|Any CPU
		{1EC4CEB6-11E1-46D6-8948-384B674FF883}.Release|Any CPU.ActiveCfg = Release|Any CPU
		{1EC4CEB6-11E1-46D6-8948-384B674FF883}.Release|Any CPU.Build.0 = Release|Any CPU
		{D03B0714-9B52-4EC6-9F84-B6D2D00E905F}.Debug|Any CPU.ActiveCfg = Debug|Any CPU
		{D03B0714-9B52-4EC6-9F84-B6D2D00E905F}.Debug|Any CPU.Build.0 = Debug|Any CPU
		{D03B0714-9B52-4EC6-9F84-B6D2D00E905F}.Release|Any CPU.ActiveCfg = Release|Any CPU
		{D03B0714-9B52-4EC6-9F84-B6D2D00E905F}.Release|Any CPU.Build.0 = Release|Any CPU
		{EFA2852A-7605-46C3-8181-8E6E7A2B8A04}.Debug|Any CPU.ActiveCfg = Debug|Any CPU
		{EFA2852A-7605-46C3-8181-8E6E7A2B8A04}.Debug|Any CPU.Build.0 = Debug|Any CPU
		{EFA2852A-7605-46C3-8181-8E6E7A2B8A04}.Release|Any CPU.ActiveCfg = Release|Any CPU
		{EFA2852A-7605-46C3-8181-8E6E7A2B8A04}.Release|Any CPU.Build.0 = Release|Any CPU
		{4BCDB922-CBE4-41F7-88C6-82DA7FBF4BDE}.Debug|Any CPU.ActiveCfg = Debug|Any CPU
		{4BCDB922-CBE4-41F7-88C6-82DA7FBF4BDE}.Debug|Any CPU.Build.0 = Debug|Any CPU
		{4BCDB922-CBE4-41F7-88C6-82DA7FBF4BDE}.Release|Any CPU.ActiveCfg = Release|Any CPU
		{4BCDB922-CBE4-41F7-88C6-82DA7FBF4BDE}.Release|Any CPU.Build.0 = Release|Any CPU
		{F2772C71-61EB-48E4-9D6D-7B762F1DE265}.Debug|Any CPU.ActiveCfg = Debug|Any CPU
		{F2772C71-61EB-48E4-9D6D-7B762F1DE265}.Debug|Any CPU.Build.0 = Debug|Any CPU
		{F2772C71-61EB-48E4-9D6D-7B762F1DE265}.Release|Any CPU.ActiveCfg = Release|Any CPU
		{F2772C71-61EB-48E4-9D6D-7B762F1DE265}.Release|Any CPU.Build.0 = Release|Any CPU
		{4FE5AFB7-78CF-4CAE-A286-39F0839E5D00}.Debug|Any CPU.ActiveCfg = Debug|Any CPU
		{4FE5AFB7-78CF-4CAE-A286-39F0839E5D00}.Debug|Any CPU.Build.0 = Debug|Any CPU
		{4FE5AFB7-78CF-4CAE-A286-39F0839E5D00}.Release|Any CPU.ActiveCfg = Release|Any CPU
		{4FE5AFB7-78CF-4CAE-A286-39F0839E5D00}.Release|Any CPU.Build.0 = Release|Any CPU
		{8CC42253-186C-4F43-A597-3997FCF726AE}.Debug|Any CPU.ActiveCfg = Debug|Any CPU
		{8CC42253-186C-4F43-A597-3997FCF726AE}.Debug|Any CPU.Build.0 = Debug|Any CPU
		{8CC42253-186C-4F43-A597-3997FCF726AE}.Release|Any CPU.ActiveCfg = Release|Any CPU
		{8CC42253-186C-4F43-A597-3997FCF726AE}.Release|Any CPU.Build.0 = Release|Any CPU
		{222B8398-E929-4DDB-A510-663D7CF3F775}.Debug|Any CPU.ActiveCfg = Debug|Any CPU
		{222B8398-E929-4DDB-A510-663D7CF3F775}.Debug|Any CPU.Build.0 = Debug|Any CPU
		{222B8398-E929-4DDB-A510-663D7CF3F775}.Release|Any CPU.ActiveCfg = Release|Any CPU
		{222B8398-E929-4DDB-A510-663D7CF3F775}.Release|Any CPU.Build.0 = Release|Any CPU
	EndGlobalSection
	GlobalSection(SolutionProperties) = preSolution
		HideSolutionNode = FALSE
	EndGlobalSection
EndGlobal
