
Microsoft Visual Studio Solution File, Format Version 12.00
# Visual Studio 14
VisualStudioVersion = 14.0.23107.0
MinimumVisualStudioVersion = 10.0.40219.1
Project("{FAE04EC0-301F-11D3-BF4B-00C04F79EFBC}") = "PartOne", "PartOne\PartOne.csproj", "{BF2A1E3E-BE5D-437E-B827-8CEA903C3B68}"
EndProject
Project("{FAE04EC0-301F-11D3-BF4B-00C04F79EFBC}") = "PartTwo", "PartTwo\PartTwo.csproj", "{216FDF78-91E0-48C1-B078-0001FF42BB4E}"
EndProject
Project("{FAE04EC0-301F-11D3-BF4B-00C04F79EFBC}") = "PartThree", "PartThree\PartThree.csproj", "{03856FF6-4EF6-4B56-91E9-D982563999AB}"
EndProject
Global
	GlobalSection(SolutionConfigurationPlatforms) = preSolution
		Debug|Any CPU = Debug|Any CPU
		Release|Any CPU = Release|Any CPU
	EndGlobalSection
	GlobalSection(ProjectConfigurationPlatforms) = postSolution
		{BF2A1E3E-BE5D-437E-B827-8CEA903C3B68}.Debug|Any CPU.ActiveCfg = Debug|Any CPU
		{BF2A1E3E-BE5D-437E-B827-8CEA903C3B68}.Debug|Any CPU.Build.0 = Debug|Any CPU
		{BF2A1E3E-BE5D-437E-B827-8CEA903C3B68}.Release|Any CPU.ActiveCfg = Release|Any CPU
		{BF2A1E3E-BE5D-437E-B827-8CEA903C3B68}.Release|Any CPU.Build.0 = Release|Any CPU
		{216FDF78-91E0-48C1-B078-0001FF42BB4E}.Debug|Any CPU.ActiveCfg = Debug|Any CPU
		{216FDF78-91E0-48C1-B078-0001FF42BB4E}.Debug|Any CPU.Build.0 = Debug|Any CPU
		{216FDF78-91E0-48C1-B078-0001FF42BB4E}.Release|Any CPU.ActiveCfg = Release|Any CPU
		{216FDF78-91E0-48C1-B078-0001FF42BB4E}.Release|Any CPU.Build.0 = Release|Any CPU
		{03856FF6-4EF6-4B56-91E9-D982563999AB}.Debug|Any CPU.ActiveCfg = Debug|Any CPU
		{03856FF6-4EF6-4B56-91E9-D982563999AB}.Debug|Any CPU.Build.0 = Debug|Any CPU
		{03856FF6-4EF6-4B56-91E9-D982563999AB}.Release|Any CPU.ActiveCfg = Release|Any CPU
		{03856FF6-4EF6-4B56-91E9-D982563999AB}.Release|Any CPU.Build.0 = Release|Any CPU
	EndGlobalSection
	GlobalSection(SolutionProperties) = preSolution
		HideSolutionNode = FALSE
	EndGlobalSection
EndGlobal
