
Microsoft Visual Studio Solution File, Format Version 12.00
# Visual Studio 14
VisualStudioVersion = 14.0.23107.0
MinimumVisualStudioVersion = 10.0.40219.1
Project("{FAE04EC0-301F-11D3-BF4B-00C04F79EFBC}") = "Problem01", "Problem01\Problem01.csproj", "{FB30523C-B3A7-4AE7-89B2-7CB121CCADF6}"
EndProject
Project("{FAE04EC0-301F-11D3-BF4B-00C04F79EFBC}") = "Problem02", "Problem02\Problem02.csproj", "{80BDCAAC-40EB-489D-8C13-642B8CCE4D4F}"
EndProject
Project("{FAE04EC0-301F-11D3-BF4B-00C04F79EFBC}") = "Problem03", "Problem03\Problem03.csproj", "{88DB2CA0-6A73-41C9-AB8C-3512048F71FB}"
EndProject
Project("{FAE04EC0-301F-11D3-BF4B-00C04F79EFBC}") = "Problem04", "Problem04\Problem04.csproj", "{B3E5D466-9359-4634-8952-1DBBCBEA8787}"
EndProject
Project("{FAE04EC0-301F-11D3-BF4B-00C04F79EFBC}") = "Problem05", "Problem05\Problem05.csproj", "{7D51E0BE-5FEB-43B4-939E-CAC18B075E49}"
EndProject
Project("{FAE04EC0-301F-11D3-BF4B-00C04F79EFBC}") = "Problem06", "Problem06\Problem06.csproj", "{1BBC5F02-D1A6-475C-A27B-FB53B6847470}"
EndProject
Project("{FAE04EC0-301F-11D3-BF4B-00C04F79EFBC}") = "Problem07", "Problem07\Problem07.csproj", "{35A6A07D-533B-4332-82D8-DAE48076067D}"
EndProject
Project("{FAE04EC0-301F-11D3-BF4B-00C04F79EFBC}") = "Problem08", "Problem08\Problem08.csproj", "{57E4FC99-3841-4C47-AB61-7FD525828C51}"
EndProject
Project("{FAE04EC0-301F-11D3-BF4B-00C04F79EFBC}") = "Problem09", "Problem09\Problem09.csproj", "{9B70EDE8-D272-4167-A8D2-BC244866B833}"
EndProject
Project("{FAE04EC0-301F-11D3-BF4B-00C04F79EFBC}") = "Problem10", "Problem10\Problem10.csproj", "{E8BEB390-0837-4EF6-AB1D-1D06A9367C2F}"
EndProject
Project("{FAE04EC0-301F-11D3-BF4B-00C04F79EFBC}") = "Problem11", "Problem11\Problem11.csproj", "{30721181-FFF1-4533-A395-23C227AFFD5D}"
EndProject
Project("{FAE04EC0-301F-11D3-BF4B-00C04F79EFBC}") = "Problem12", "Problem12\Problem12.csproj", "{1433FC57-0C9F-48E8-BAA3-05E59E692D51}"
EndProject
Project("{FAE04EC0-301F-11D3-BF4B-00C04F79EFBC}") = "Problem13", "Problem13\Problem13.csproj", "{D00F075B-4242-4A9A-B49B-EE981A262437}"
EndProject
Project("{FAE04EC0-301F-11D3-BF4B-00C04F79EFBC}") = "Problem14", "Problem14\Problem14.csproj", "{99FC96C9-8E4E-4A6E-B947-0FC5CC8C578E}"
EndProject
Project("{FAE04EC0-301F-11D3-BF4B-00C04F79EFBC}") = "Problem15", "Problem15\Problem15.csproj", "{BE773CA5-4A15-4141-B0D4-D808052F7B54}"
EndProject
Project("{FAE04EC0-301F-11D3-BF4B-00C04F79EFBC}") = "Problem16", "Problem16\Problem16.csproj", "{5F9BD3BF-38D6-4E53-8EB3-899A046F4AEC}"
EndProject
Project("{FAE04EC0-301F-11D3-BF4B-00C04F79EFBC}") = "Problem17", "Problem17\Problem17.csproj", "{E9FCB2E3-3E88-4030-A42F-67BE37A794D0}"
EndProject
Project("{FAE04EC0-301F-11D3-BF4B-00C04F79EFBC}") = "Problem18", "Problem18\Problem18.csproj", "{CF9872C6-D9A9-42E8-AAFE-B43F3BDA5149}"
EndProject
Project("{FAE04EC0-301F-11D3-BF4B-00C04F79EFBC}") = "Problem19", "Problem19\Problem19.csproj", "{64F7B3D8-A388-4F7C-9612-8F1E15E03FFE}"
EndProject
Global
	GlobalSection(SolutionConfigurationPlatforms) = preSolution
		Debug|Any CPU = Debug|Any CPU
		Release|Any CPU = Release|Any CPU
	EndGlobalSection
	GlobalSection(ProjectConfigurationPlatforms) = postSolution
		{FB30523C-B3A7-4AE7-89B2-7CB121CCADF6}.Debug|Any CPU.ActiveCfg = Debug|Any CPU
		{FB30523C-B3A7-4AE7-89B2-7CB121CCADF6}.Debug|Any CPU.Build.0 = Debug|Any CPU
		{FB30523C-B3A7-4AE7-89B2-7CB121CCADF6}.Release|Any CPU.ActiveCfg = Release|Any CPU
		{FB30523C-B3A7-4AE7-89B2-7CB121CCADF6}.Release|Any CPU.Build.0 = Release|Any CPU
		{80BDCAAC-40EB-489D-8C13-642B8CCE4D4F}.Debug|Any CPU.ActiveCfg = Debug|Any CPU
		{80BDCAAC-40EB-489D-8C13-642B8CCE4D4F}.Debug|Any CPU.Build.0 = Debug|Any CPU
		{80BDCAAC-40EB-489D-8C13-642B8CCE4D4F}.Release|Any CPU.ActiveCfg = Release|Any CPU
		{80BDCAAC-40EB-489D-8C13-642B8CCE4D4F}.Release|Any CPU.Build.0 = Release|Any CPU
		{88DB2CA0-6A73-41C9-AB8C-3512048F71FB}.Debug|Any CPU.ActiveCfg = Debug|Any CPU
		{88DB2CA0-6A73-41C9-AB8C-3512048F71FB}.Debug|Any CPU.Build.0 = Debug|Any CPU
		{88DB2CA0-6A73-41C9-AB8C-3512048F71FB}.Release|Any CPU.ActiveCfg = Release|Any CPU
		{88DB2CA0-6A73-41C9-AB8C-3512048F71FB}.Release|Any CPU.Build.0 = Release|Any CPU
		{B3E5D466-9359-4634-8952-1DBBCBEA8787}.Debug|Any CPU.ActiveCfg = Debug|Any CPU
		{B3E5D466-9359-4634-8952-1DBBCBEA8787}.Debug|Any CPU.Build.0 = Debug|Any CPU
		{B3E5D466-9359-4634-8952-1DBBCBEA8787}.Release|Any CPU.ActiveCfg = Release|Any CPU
		{B3E5D466-9359-4634-8952-1DBBCBEA8787}.Release|Any CPU.Build.0 = Release|Any CPU
		{7D51E0BE-5FEB-43B4-939E-CAC18B075E49}.Debug|Any CPU.ActiveCfg = Debug|Any CPU
		{7D51E0BE-5FEB-43B4-939E-CAC18B075E49}.Debug|Any CPU.Build.0 = Debug|Any CPU
		{7D51E0BE-5FEB-43B4-939E-CAC18B075E49}.Release|Any CPU.ActiveCfg = Release|Any CPU
		{7D51E0BE-5FEB-43B4-939E-CAC18B075E49}.Release|Any CPU.Build.0 = Release|Any CPU
		{1BBC5F02-D1A6-475C-A27B-FB53B6847470}.Debug|Any CPU.ActiveCfg = Debug|Any CPU
		{1BBC5F02-D1A6-475C-A27B-FB53B6847470}.Debug|Any CPU.Build.0 = Debug|Any CPU
		{1BBC5F02-D1A6-475C-A27B-FB53B6847470}.Release|Any CPU.ActiveCfg = Release|Any CPU
		{1BBC5F02-D1A6-475C-A27B-FB53B6847470}.Release|Any CPU.Build.0 = Release|Any CPU
		{35A6A07D-533B-4332-82D8-DAE48076067D}.Debug|Any CPU.ActiveCfg = Debug|Any CPU
		{35A6A07D-533B-4332-82D8-DAE48076067D}.Debug|Any CPU.Build.0 = Debug|Any CPU
		{35A6A07D-533B-4332-82D8-DAE48076067D}.Release|Any CPU.ActiveCfg = Release|Any CPU
		{35A6A07D-533B-4332-82D8-DAE48076067D}.Release|Any CPU.Build.0 = Release|Any CPU
		{57E4FC99-3841-4C47-AB61-7FD525828C51}.Debug|Any CPU.ActiveCfg = Debug|Any CPU
		{57E4FC99-3841-4C47-AB61-7FD525828C51}.Debug|Any CPU.Build.0 = Debug|Any CPU
		{57E4FC99-3841-4C47-AB61-7FD525828C51}.Release|Any CPU.ActiveCfg = Release|Any CPU
		{57E4FC99-3841-4C47-AB61-7FD525828C51}.Release|Any CPU.Build.0 = Release|Any CPU
		{9B70EDE8-D272-4167-A8D2-BC244866B833}.Debug|Any CPU.ActiveCfg = Debug|Any CPU
		{9B70EDE8-D272-4167-A8D2-BC244866B833}.Debug|Any CPU.Build.0 = Debug|Any CPU
		{9B70EDE8-D272-4167-A8D2-BC244866B833}.Release|Any CPU.ActiveCfg = Release|Any CPU
		{9B70EDE8-D272-4167-A8D2-BC244866B833}.Release|Any CPU.Build.0 = Release|Any CPU
		{E8BEB390-0837-4EF6-AB1D-1D06A9367C2F}.Debug|Any CPU.ActiveCfg = Debug|Any CPU
		{E8BEB390-0837-4EF6-AB1D-1D06A9367C2F}.Debug|Any CPU.Build.0 = Debug|Any CPU
		{E8BEB390-0837-4EF6-AB1D-1D06A9367C2F}.Release|Any CPU.ActiveCfg = Release|Any CPU
		{E8BEB390-0837-4EF6-AB1D-1D06A9367C2F}.Release|Any CPU.Build.0 = Release|Any CPU
		{30721181-FFF1-4533-A395-23C227AFFD5D}.Debug|Any CPU.ActiveCfg = Debug|Any CPU
		{30721181-FFF1-4533-A395-23C227AFFD5D}.Debug|Any CPU.Build.0 = Debug|Any CPU
		{30721181-FFF1-4533-A395-23C227AFFD5D}.Release|Any CPU.ActiveCfg = Release|Any CPU
		{30721181-FFF1-4533-A395-23C227AFFD5D}.Release|Any CPU.Build.0 = Release|Any CPU
		{1433FC57-0C9F-48E8-BAA3-05E59E692D51}.Debug|Any CPU.ActiveCfg = Debug|Any CPU
		{1433FC57-0C9F-48E8-BAA3-05E59E692D51}.Debug|Any CPU.Build.0 = Debug|Any CPU
		{1433FC57-0C9F-48E8-BAA3-05E59E692D51}.Release|Any CPU.ActiveCfg = Release|Any CPU
		{1433FC57-0C9F-48E8-BAA3-05E59E692D51}.Release|Any CPU.Build.0 = Release|Any CPU
		{D00F075B-4242-4A9A-B49B-EE981A262437}.Debug|Any CPU.ActiveCfg = Debug|Any CPU
		{D00F075B-4242-4A9A-B49B-EE981A262437}.Debug|Any CPU.Build.0 = Debug|Any CPU
		{D00F075B-4242-4A9A-B49B-EE981A262437}.Release|Any CPU.ActiveCfg = Release|Any CPU
		{D00F075B-4242-4A9A-B49B-EE981A262437}.Release|Any CPU.Build.0 = Release|Any CPU
		{99FC96C9-8E4E-4A6E-B947-0FC5CC8C578E}.Debug|Any CPU.ActiveCfg = Debug|Any CPU
		{99FC96C9-8E4E-4A6E-B947-0FC5CC8C578E}.Debug|Any CPU.Build.0 = Debug|Any CPU
		{99FC96C9-8E4E-4A6E-B947-0FC5CC8C578E}.Release|Any CPU.ActiveCfg = Release|Any CPU
		{99FC96C9-8E4E-4A6E-B947-0FC5CC8C578E}.Release|Any CPU.Build.0 = Release|Any CPU
		{BE773CA5-4A15-4141-B0D4-D808052F7B54}.Debug|Any CPU.ActiveCfg = Debug|Any CPU
		{BE773CA5-4A15-4141-B0D4-D808052F7B54}.Debug|Any CPU.Build.0 = Debug|Any CPU
		{BE773CA5-4A15-4141-B0D4-D808052F7B54}.Release|Any CPU.ActiveCfg = Release|Any CPU
		{BE773CA5-4A15-4141-B0D4-D808052F7B54}.Release|Any CPU.Build.0 = Release|Any CPU
		{5F9BD3BF-38D6-4E53-8EB3-899A046F4AEC}.Debug|Any CPU.ActiveCfg = Debug|Any CPU
		{5F9BD3BF-38D6-4E53-8EB3-899A046F4AEC}.Debug|Any CPU.Build.0 = Debug|Any CPU
		{5F9BD3BF-38D6-4E53-8EB3-899A046F4AEC}.Release|Any CPU.ActiveCfg = Release|Any CPU
		{5F9BD3BF-38D6-4E53-8EB3-899A046F4AEC}.Release|Any CPU.Build.0 = Release|Any CPU
		{E9FCB2E3-3E88-4030-A42F-67BE37A794D0}.Debug|Any CPU.ActiveCfg = Debug|Any CPU
		{E9FCB2E3-3E88-4030-A42F-67BE37A794D0}.Debug|Any CPU.Build.0 = Debug|Any CPU
		{E9FCB2E3-3E88-4030-A42F-67BE37A794D0}.Release|Any CPU.ActiveCfg = Release|Any CPU
		{E9FCB2E3-3E88-4030-A42F-67BE37A794D0}.Release|Any CPU.Build.0 = Release|Any CPU
		{CF9872C6-D9A9-42E8-AAFE-B43F3BDA5149}.Debug|Any CPU.ActiveCfg = Debug|Any CPU
		{CF9872C6-D9A9-42E8-AAFE-B43F3BDA5149}.Debug|Any CPU.Build.0 = Debug|Any CPU
		{CF9872C6-D9A9-42E8-AAFE-B43F3BDA5149}.Release|Any CPU.ActiveCfg = Release|Any CPU
		{CF9872C6-D9A9-42E8-AAFE-B43F3BDA5149}.Release|Any CPU.Build.0 = Release|Any CPU
		{64F7B3D8-A388-4F7C-9612-8F1E15E03FFE}.Debug|Any CPU.ActiveCfg = Debug|Any CPU
		{64F7B3D8-A388-4F7C-9612-8F1E15E03FFE}.Debug|Any CPU.Build.0 = Debug|Any CPU
		{64F7B3D8-A388-4F7C-9612-8F1E15E03FFE}.Release|Any CPU.ActiveCfg = Release|Any CPU
		{64F7B3D8-A388-4F7C-9612-8F1E15E03FFE}.Release|Any CPU.Build.0 = Release|Any CPU
	EndGlobalSection
	GlobalSection(SolutionProperties) = preSolution
		HideSolutionNode = FALSE
	EndGlobalSection
EndGlobal
